
Microsoft Visual Studio Solution File, Format Version 12.00
# Visual Studio 15
Project("{FAE04EC0-301F-11D3-BF4B-00C04F79EFBC}") = "Angry_Birds", "Angry_Birds.csproj", "{3E5828EA-C88E-1AEC-B14A-604F49BA4520}"
EndProject
Global
	GlobalSection(SolutionConfigurationPlatforms) = preSolution
		Debug|Any CPU = Debug|Any CPU
		Release|Any CPU = Release|Any CPU
	EndGlobalSection
	GlobalSection(ProjectConfigurationPlatforms) = postSolution
		{3E5828EA-C88E-1AEC-B14A-604F49BA4520}.Debug|Any CPU.ActiveCfg = Debug|Any CPU
		{3E5828EA-C88E-1AEC-B14A-604F49BA4520}.Debug|Any CPU.Build.0 = Debug|Any CPU
		{3E5828EA-C88E-1AEC-B14A-604F49BA4520}.Release|Any CPU.ActiveCfg = Release|Any CPU
		{3E5828EA-C88E-1AEC-B14A-604F49BA4520}.Release|Any CPU.Build.0 = Release|Any CPU
	EndGlobalSection
	GlobalSection(SolutionProperties) = preSolution
		HideSolutionNode = FALSE
	EndGlobalSection
EndGlobal
